
Microsoft Visual Studio Solution File, Format Version 12.00
# Visual Studio 14
VisualStudioVersion = 14.0.25420.1
MinimumVisualStudioVersion = 10.0.40219.1
Project("{FAE04EC0-301F-11D3-BF4B-00C04F79EFBC}") = "WCF(1)", "WCF(1)\WCF(1).csproj", "{D9131A30-D323-4599-93CF-EB4A146DFC22}"
EndProject
Project("{FAE04EC0-301F-11D3-BF4B-00C04F79EFBC}") = "Program", "Client\Program.csproj", "{E2A20886-0AA5-456C-929B-ADB1A69FFE0E}"
EndProject
Global
	GlobalSection(SolutionConfigurationPlatforms) = preSolution
		Debug|Any CPU = Debug|Any CPU
		Release|Any CPU = Release|Any CPU
	EndGlobalSection
	GlobalSection(ProjectConfigurationPlatforms) = postSolution
		{D9131A30-D323-4599-93CF-EB4A146DFC22}.Debug|Any CPU.ActiveCfg = Debug|Any CPU
		{D9131A30-D323-4599-93CF-EB4A146DFC22}.Debug|Any CPU.Build.0 = Debug|Any CPU
		{D9131A30-D323-4599-93CF-EB4A146DFC22}.Release|Any CPU.ActiveCfg = Release|Any CPU
		{D9131A30-D323-4599-93CF-EB4A146DFC22}.Release|Any CPU.Build.0 = Release|Any CPU
		{E2A20886-0AA5-456C-929B-ADB1A69FFE0E}.Debug|Any CPU.ActiveCfg = Debug|Any CPU
		{E2A20886-0AA5-456C-929B-ADB1A69FFE0E}.Debug|Any CPU.Build.0 = Debug|Any CPU
		{E2A20886-0AA5-456C-929B-ADB1A69FFE0E}.Release|Any CPU.ActiveCfg = Release|Any CPU
		{E2A20886-0AA5-456C-929B-ADB1A69FFE0E}.Release|Any CPU.Build.0 = Release|Any CPU
	EndGlobalSection
	GlobalSection(SolutionProperties) = preSolution
		HideSolutionNode = FALSE
	EndGlobalSection
EndGlobal
